Microsoft Visual Studio Solution File, Format Version 12.00
# Visual Studio Version 17
VisualStudioVersion = 17.5.2.0
MinimumVisualStudioVersion = 10.0.40219.1
Project("{FAE04EC0-301F-11D3-BF4B-00C04F79EFBC}") = "Ecommerce.Frontend", "Ecommerce.Frontend.csproj", "{D1A392EF-F23B-DF57-75B1-DD2D16E6B0AD}"
EndProject
Global
	GlobalSection(SolutionConfigurationPlatforms) = preSolution
		Debug|Any CPU = Debug|Any CPU
		Release|Any CPU = Release|Any CPU
	EndGlobalSection
	GlobalSection(ProjectConfigurationPlatforms) = postSolution
		{D1A392EF-F23B-DF57-75B1-DD2D16E6B0AD}.Debug|Any CPU.ActiveCfg = Debug|Any CPU
		{D1A392EF-F23B-DF57-75B1-DD2D16E6B0AD}.Debug|Any CPU.Build.0 = Debug|Any CPU
		{D1A392EF-F23B-DF57-75B1-DD2D16E6B0AD}.Release|Any CPU.ActiveCfg = Release|Any CPU
		{D1A392EF-F23B-DF57-75B1-DD2D16E6B0AD}.Release|Any CPU.Build.0 = Release|Any CPU
	EndGlobalSection
	GlobalSection(SolutionProperties) = preSolution
		HideSolutionNode = FALSE
	EndGlobalSection
	GlobalSection(ExtensibilityGlobals) = postSolution
		SolutionGuid = {53BE3693-D6A8-4497-ABA0-7E10FECBC904}
	EndGlobalSection
EndGlobal
